<?xml version="1.0" encoding="utf-8"?>
<Project ToolsVersion="4.0" xmlns="http://schemas.microsoft.com/developer/msbuild/2003">
  <ItemGroup>
    <Filter Include="Source Files">
      <UniqueIdentifier>{4FC737F1-C7A5-4376-A066-2A32D752A2FF}</UniqueIdentifier>
      <Extensions>cpp;c;cc;cxx;def;odl;idl;hpj;bat;asm;asmx</Extensions>
    </Filter>
    <Filter Include="Header Files">
      <UniqueIdentifier>{93995380-89BD-4b04-88EB-625FBE52EBFB}</UniqueIdentifier>
      <Extensions>h;hh;hpp;hxx;hm;inl;inc;xsd</Extensions>
    </Filter>
    <Filter Include="Resource Files">
      <UniqueIdentifier>{67DA6AB6-F800-4c08-8B7A-83BB121AAD01}</UniqueIdentifier>
      <Extensions>rc;ico;cur;bmp;dlg;rc2;rct;bin;rgs;gif;jpg;jpeg;jpe;resx;tiff;tif;png;wav</Extensions>
    </Filter>
  </ItemGroup>
  <ItemGroup>
    <ClCompile Include="src\part2\DeliveryPerson.cpp">
      <Filter>Source Files</Filter>
    </ClCompile>
    <ClCompile Include="src\part2\Florist.cpp">
      <Filter>Source Files</Filter>
    </ClCompile>
    <ClCompile Include="src\part2\FlowerArranger.cpp">
      <Filter>Source Files</Filter>
    </ClCompile>
    <ClCompile Include="src\part2\FlowersBouquet.cpp">
      <Filter>Source Files</Filter>
    </ClCompile>
    <ClCompile Include="src\part2\Gardener.cpp">
      <Filter>Source Files</Filter>
    </ClCompile>
    <ClCompile Include="src\part2\Grower.cpp">
      <Filter>Source Files</Filter>
    </ClCompile>
    <ClCompile Include="src\part2\Person.cpp">
      <Filter>Source Files</Filter>
    </ClCompile>
    <ClCompile Include="src\part2\Wholesaler.cpp">
      <Filter>Source Files</Filter>
    </ClCompile>
  </ItemGroup>
  <ItemGroup>
    <ClInclude Include="src\part2\DeliveryPerson.h">
      <Filter>Header Files</Filter>
    </ClInclude>
    <ClInclude Include="src\part2\Florist.h">
      <Filter>Header Files</Filter>
    </ClInclude>
    <ClInclude Include="src\part2\FlowerArranger.h">
      <Filter>Header Files</Filter>
    </ClInclude>
    <ClInclude Include="src\part2\FlowerBouquet.h">
      <Filter>Header Files</Filter>
    </ClInclude>
    <ClInclude Include="src\part2\Gardener.h">
      <Filter>Header Files</Filter>
    </ClInclude>
    <ClInclude Include="src\part2\Grower.h">
      <Filter>Header Files</Filter>
    </ClInclude>
    <ClInclude Include="src\part2\Person.h">
      <Filter>Header Files</Filter>
    </ClInclude>
    <ClInclude Include="src\part2\Wholesaler.h">
      <Filter>Header Files</Filter>
    </ClInclude>
  </ItemGroup>
</Project>